
Microsoft Visual Studio Solution File, Format Version 12.00
# Visual Studio Version 17
VisualStudioVersion = 17.5.33516.290
MinimumVisualStudioVersion = 10.0.40219.1
Project("{FAE04EC0-301F-11D3-BF4B-00C04F79EFBC}") = "RegisterAndLogin", "RegisterAndLogin\RegisterAndLogin.csproj", "{2B19AB0C-B204-4878-984F-0490B6E74F69}"
EndProject
Global
	GlobalSection(SolutionConfigurationPlatforms) = preSolution
		Debug|Any CPU = Debug|Any CPU
		Release|Any CPU = Release|Any CPU
	EndGlobalSection
	GlobalSection(ProjectConfigurationPlatforms) = postSolution
		{2B19AB0C-B204-4878-984F-0490B6E74F69}.Debug|Any CPU.ActiveCfg = Debug|Any CPU
		{2B19AB0C-B204-4878-984F-0490B6E74F69}.Debug|Any CPU.Build.0 = Debug|Any CPU
		{2B19AB0C-B204-4878-984F-0490B6E74F69}.Release|Any CPU.ActiveCfg = Release|Any CPU
		{2B19AB0C-B204-4878-984F-0490B6E74F69}.Release|Any CPU.Build.0 = Release|Any CPU
	EndGlobalSection
	GlobalSection(SolutionProperties) = preSolution
		HideSolutionNode = FALSE
	EndGlobalSection
	GlobalSection(ExtensibilityGlobals) = postSolution
		SolutionGuid = {B28C8D0C-6591-4DC3-B904-BEC3FC912B10}
	EndGlobalSection
EndGlobal
